
Microsoft Visual Studio Solution File, Format Version 12.00
# Visual Studio Version 17
VisualStudioVersion = 17.14.36511.14 d17.14
MinimumVisualStudioVersion = 10.0.40219.1
Project("{FAE04EC0-301F-11D3-BF4B-00C04F79EFBC}") = "CharServerTCP", "CharServerTCP\CharServerTCP.csproj", "{67A9AA4B-EA6C-4B7C-92A3-62EEB08C78E9}"
EndProject
Project("{FAE04EC0-301F-11D3-BF4B-00C04F79EFBC}") = "ChatClientTCP", "ChatClientTCP\ChatClientTCP.csproj", "{0FA71255-7E02-45C4-AD2D-DF09D43B31CB}"
EndProject
Global
	GlobalSection(SolutionConfigurationPlatforms) = preSolution
		Debug|Any CPU = Debug|Any CPU
		Release|Any CPU = Release|Any CPU
	EndGlobalSection
	GlobalSection(ProjectConfigurationPlatforms) = postSolution
		{67A9AA4B-EA6C-4B7C-92A3-62EEB08C78E9}.Debug|Any CPU.ActiveCfg = Debug|Any CPU
		{67A9AA4B-EA6C-4B7C-92A3-62EEB08C78E9}.Debug|Any CPU.Build.0 = Debug|Any CPU
		{67A9AA4B-EA6C-4B7C-92A3-62EEB08C78E9}.Release|Any CPU.ActiveCfg = Release|Any CPU
		{67A9AA4B-EA6C-4B7C-92A3-62EEB08C78E9}.Release|Any CPU.Build.0 = Release|Any CPU
		{0FA71255-7E02-45C4-AD2D-DF09D43B31CB}.Debug|Any CPU.ActiveCfg = Debug|Any CPU
		{0FA71255-7E02-45C4-AD2D-DF09D43B31CB}.Debug|Any CPU.Build.0 = Debug|Any CPU
		{0FA71255-7E02-45C4-AD2D-DF09D43B31CB}.Release|Any CPU.ActiveCfg = Release|Any CPU
		{0FA71255-7E02-45C4-AD2D-DF09D43B31CB}.Release|Any CPU.Build.0 = Release|Any CPU
	EndGlobalSection
	GlobalSection(SolutionProperties) = preSolution
		HideSolutionNode = FALSE
	EndGlobalSection
	GlobalSection(ExtensibilityGlobals) = postSolution
		SolutionGuid = {8FE439BA-C2DF-4A9A-A66F-530E96B0D309}
	EndGlobalSection
EndGlobal
